<Solution>
  <Folder Name="/bench/">
    <Project Path="bench/Lokad.Parquet.Benchmarks/Lokad.Parquet.Benchmarks.csproj" />
  </Folder>
  <Folder Name="/src/">
    <Project Path="src/Lokad.Parquet/Lokad.Parquet.csproj" />
  </Folder>
  <Folder Name="/tests/">
    <Project Path="tests/Lokad.Parquet.Tests/Lokad.Parquet.Tests.csproj" />
  </Folder>
</Solution>
